
Microsoft Visual Studio Solution File, Format Version 12.00
# Visual Studio Version 17
VisualStudioVersion = 17.6.33801.468
MinimumVisualStudioVersion = 10.0.40219.1
Project("{FAE04EC0-301F-11D3-BF4B-00C04F79EFBC}") = "jmmb.Android", "jmmb.Android\jmmb.Android.csproj", "{363116EF-94AB-4575-98EA-91884DEC4AC9}"
EndProject
Project("{FAE04EC0-301F-11D3-BF4B-00C04F79EFBC}") = "jmmb", "jmmb\jmmb.csproj", "{153DCD73-8C43-4D2E-85E2-13546B0F4511}"
EndProject
Global
	GlobalSection(SolutionConfigurationPlatforms) = preSolution
		Debug|Any CPU = Debug|Any CPU
		Release|Any CPU = Release|Any CPU
	EndGlobalSection
	GlobalSection(ProjectConfigurationPlatforms) = postSolution
		{363116EF-94AB-4575-98EA-91884DEC4AC9}.Debug|Any CPU.ActiveCfg = Debug|Any CPU
		{363116EF-94AB-4575-98EA-91884DEC4AC9}.Debug|Any CPU.Build.0 = Debug|Any CPU
		{363116EF-94AB-4575-98EA-91884DEC4AC9}.Debug|Any CPU.Deploy.0 = Debug|Any CPU
		{363116EF-94AB-4575-98EA-91884DEC4AC9}.Release|Any CPU.ActiveCfg = Release|Any CPU
		{363116EF-94AB-4575-98EA-91884DEC4AC9}.Release|Any CPU.Build.0 = Release|Any CPU
		{363116EF-94AB-4575-98EA-91884DEC4AC9}.Release|Any CPU.Deploy.0 = Release|Any CPU
		{153DCD73-8C43-4D2E-85E2-13546B0F4511}.Debug|Any CPU.ActiveCfg = Debug|Any CPU
		{153DCD73-8C43-4D2E-85E2-13546B0F4511}.Debug|Any CPU.Build.0 = Debug|Any CPU
		{153DCD73-8C43-4D2E-85E2-13546B0F4511}.Debug|Any CPU.Deploy.0 = Debug|Any CPU
		{153DCD73-8C43-4D2E-85E2-13546B0F4511}.Release|Any CPU.ActiveCfg = Release|Any CPU
		{153DCD73-8C43-4D2E-85E2-13546B0F4511}.Release|Any CPU.Build.0 = Release|Any CPU
		{153DCD73-8C43-4D2E-85E2-13546B0F4511}.Release|Any CPU.Deploy.0 = Release|Any CPU
	EndGlobalSection
	GlobalSection(SolutionProperties) = preSolution
		HideSolutionNode = FALSE
	EndGlobalSection
	GlobalSection(ExtensibilityGlobals) = postSolution
		SolutionGuid = {901ED768-BACE-4B3F-90D5-F75F1B22AA95}
	EndGlobalSection
EndGlobal
